<?xml version="1.0" encoding="utf-8"?>
<Project ToolsVersion="4.0" xmlns="http://schemas.microsoft.com/developer/msbuild/2003">
  <ItemGroup>
    <Filter Include="Source Files">
      <UniqueIdentifier>{4FC737F1-C7A5-4376-A066-2A32D752A2FF}</UniqueIdentifier>
      <Extensions>cpp;c;cc;cxx;c++;cppm;ixx;def;odl;idl;hpj;bat;asm;asmx</Extensions>
    </Filter>
    <Filter Include="Header Files">
      <UniqueIdentifier>{93995380-89BD-4b04-88EB-625FBE52EBFB}</UniqueIdentifier>
      <Extensions>h;hh;hpp;hxx;h++;hm;inl;inc;ipp;xsd</Extensions>
    </Filter>
    <Filter Include="Resource Files">
      <UniqueIdentifier>{67DA6AB6-F800-4c08-8B7A-83BB121AAD01}</UniqueIdentifier>
      <Extensions>rc;ico;cur;bmp;dlg;rc2;rct;bin;rgs;gif;jpg;jpeg;jpe;resx;tiff;tif;png;wav;mfcribbon-ms</Extensions>
    </Filter>
    <Filter Include="IO">
      <UniqueIdentifier>{e6d9e2ea-5bb8-402a-9f25-cef9cb4fe0b4}</UniqueIdentifier>
    </Filter>
  </ItemGroup>
  <ItemGroup>
    <ClInclude Include="Trie.h">
      <Filter>Header Files</Filter>
    </ClInclude>
    <ClInclude Include="inputHelper.h">
      <Filter>Header Files</Filter>
    </ClInclude>
    <ClInclude Include="RBTree.h">
      <Filter>Header Files</Filter>
    </ClInclude>
    <ClInclude Include="Pieces.h">
      <Filter>Header Files</Filter>
    </ClInclude>
    <ClInclude Include="Board.h">
      <Filter>Header Files</Filter>
    </ClInclude>
  </ItemGroup>
  <ItemGroup>
    <ClCompile Include="Trie.cpp">
      <Filter>Source Files</Filter>
    </ClCompile>
    <ClCompile Include="main.cpp">
      <Filter>Source Files</Filter>
    </ClCompile>
    <ClCompile Include="inputHelper.cpp">
      <Filter>Source Files</Filter>
    </ClCompile>
    <ClCompile Include="RBTree.cpp">
      <Filter>Source Files</Filter>
    </ClCompile>
    <ClCompile Include="Pieces.cpp">
      <Filter>Source Files</Filter>
    </ClCompile>
    <ClCompile Include="Board.cpp">
      <Filter>Source Files</Filter>
    </ClCompile>
  </ItemGroup>
  <ItemGroup>
    <Image Include="icons\bBish.png">
      <Filter>Resource Files</Filter>
    </Image>
    <Image Include="icons\bKing.png">
      <Filter>Resource Files</Filter>
    </Image>
    <Image Include="icons\bKnight.png">
      <Filter>Resource Files</Filter>
    </Image>
    <Image Include="icons\bPawn.png">
      <Filter>Resource Files</Filter>
    </Image>
    <Image Include="icons\bQueen.png">
      <Filter>Resource Files</Filter>
    </Image>
    <Image Include="icons\bRook.png">
      <Filter>Resource Files</Filter>
    </Image>
    <Image Include="icons\empty-chessboard.png">
      <Filter>Resource Files</Filter>
    </Image>
    <Image Include="icons\wBish.png">
      <Filter>Resource Files</Filter>
    </Image>
    <Image Include="icons\wKing.png">
      <Filter>Resource Files</Filter>
    </Image>
    <Image Include="icons\wKnight.png">
      <Filter>Resource Files</Filter>
    </Image>
    <Image Include="icons\wPawn.png">
      <Filter>Resource Files</Filter>
    </Image>
    <Image Include="icons\wQueen.png">
      <Filter>Resource Files</Filter>
    </Image>
    <Image Include="icons\wRook.png">
      <Filter>Resource Files</Filter>
    </Image>
  </ItemGroup>
  <ItemGroup>
    <None Include="ioFiles\in201301.pgn">
      <Filter>IO</Filter>
    </None>
  </ItemGroup>
  <ItemGroup>
    <Text Include="ioFiles\output.txt">
      <Filter>IO</Filter>
    </Text>
    <Text Include="ioFiles\output500.txt">
      <Filter>IO</Filter>
    </Text>
    <Text Include="ioFiles\output50000.txt">
      <Filter>IO</Filter>
    </Text>
  </ItemGroup>
</Project>